
Microsoft Visual Studio Solution File, Format Version 12.00
# Visual Studio 15
Project("{FAE04EC0-301F-11D3-BF4B-00C04F79EFBC}") = "CSE490j Assignment1", "Assembly-CSharp.csproj", "{D1B6E5EF-A266-E72E-39E0-0090537BA2CC}"
EndProject
Project("{FAE04EC0-301F-11D3-BF4B-00C04F79EFBC}") = "CSE490j Assignment1", "Oculus.VR.csproj", "{BBF92CC3-E393-A5F6-93EC-42092E7A64C0}"
EndProject
Project("{FAE04EC0-301F-11D3-BF4B-00C04F79EFBC}") = "CSE490j Assignment1", "Assembly-CSharp-Editor.csproj", "{E94FC8CA-FFC2-5308-D66B-0A2EE73132AA}"
EndProject
Project("{FAE04EC0-301F-11D3-BF4B-00C04F79EFBC}") = "CSE490j Assignment1", "Oculus.VR.Scripts.Editor.csproj", "{9CE1C554-F179-DB99-9640-9E6EFB76DB04}"
EndProject
Project("{FAE04EC0-301F-11D3-BF4B-00C04F79EFBC}") = "CSE490j Assignment1", "Oculus.VR.Editor.csproj", "{C99A1FD0-335C-C9F0-9D4C-1BE66076738A}"
EndProject
Global
	GlobalSection(SolutionConfigurationPlatforms) = preSolution
		Debug|Any CPU = Debug|Any CPU
		Release|Any CPU = Release|Any CPU
	EndGlobalSection
	GlobalSection(ProjectConfigurationPlatforms) = postSolution
		{D1B6E5EF-A266-E72E-39E0-0090537BA2CC}.Debug|Any CPU.ActiveCfg = Debug|Any CPU
		{D1B6E5EF-A266-E72E-39E0-0090537BA2CC}.Debug|Any CPU.Build.0 = Debug|Any CPU
		{D1B6E5EF-A266-E72E-39E0-0090537BA2CC}.Release|Any CPU.ActiveCfg = Release|Any CPU
		{D1B6E5EF-A266-E72E-39E0-0090537BA2CC}.Release|Any CPU.Build.0 = Release|Any CPU
		{BBF92CC3-E393-A5F6-93EC-42092E7A64C0}.Debug|Any CPU.ActiveCfg = Debug|Any CPU
		{BBF92CC3-E393-A5F6-93EC-42092E7A64C0}.Debug|Any CPU.Build.0 = Debug|Any CPU
		{BBF92CC3-E393-A5F6-93EC-42092E7A64C0}.Release|Any CPU.ActiveCfg = Release|Any CPU
		{BBF92CC3-E393-A5F6-93EC-42092E7A64C0}.Release|Any CPU.Build.0 = Release|Any CPU
		{E94FC8CA-FFC2-5308-D66B-0A2EE73132AA}.Debug|Any CPU.ActiveCfg = Debug|Any CPU
		{E94FC8CA-FFC2-5308-D66B-0A2EE73132AA}.Debug|Any CPU.Build.0 = Debug|Any CPU
		{E94FC8CA-FFC2-5308-D66B-0A2EE73132AA}.Release|Any CPU.ActiveCfg = Release|Any CPU
		{E94FC8CA-FFC2-5308-D66B-0A2EE73132AA}.Release|Any CPU.Build.0 = Release|Any CPU
		{9CE1C554-F179-DB99-9640-9E6EFB76DB04}.Debug|Any CPU.ActiveCfg = Debug|Any CPU
		{9CE1C554-F179-DB99-9640-9E6EFB76DB04}.Debug|Any CPU.Build.0 = Debug|Any CPU
		{9CE1C554-F179-DB99-9640-9E6EFB76DB04}.Release|Any CPU.ActiveCfg = Release|Any CPU
		{9CE1C554-F179-DB99-9640-9E6EFB76DB04}.Release|Any CPU.Build.0 = Release|Any CPU
		{C99A1FD0-335C-C9F0-9D4C-1BE66076738A}.Debug|Any CPU.ActiveCfg = Debug|Any CPU
		{C99A1FD0-335C-C9F0-9D4C-1BE66076738A}.Debug|Any CPU.Build.0 = Debug|Any CPU
		{C99A1FD0-335C-C9F0-9D4C-1BE66076738A}.Release|Any CPU.ActiveCfg = Release|Any CPU
		{C99A1FD0-335C-C9F0-9D4C-1BE66076738A}.Release|Any CPU.Build.0 = Release|Any CPU
	EndGlobalSection
	GlobalSection(SolutionProperties) = preSolution
		HideSolutionNode = FALSE
	EndGlobalSection
EndGlobal
